
Microsoft Visual Studio Solution File, Format Version 12.00
# Visual Studio Version 17
VisualStudioVersion = 17.13.35931.197 d17.13
MinimumVisualStudioVersion = 10.0.40219.1
Project("{FAE04EC0-301F-11D3-BF4B-00C04F79EFBC}") = "bmiszamlalo", "bmiszamlalo\bmiszamlalo.csproj", "{E7A181E7-655B-47ED-91A0-0F7EB6A0F4E3}"
EndProject
Global
	GlobalSection(SolutionConfigurationPlatforms) = preSolution
		Debug|Any CPU = Debug|Any CPU
		Release|Any CPU = Release|Any CPU
	EndGlobalSection
	GlobalSection(ProjectConfigurationPlatforms) = postSolution
		{E7A181E7-655B-47ED-91A0-0F7EB6A0F4E3}.Debug|Any CPU.ActiveCfg = Debug|Any CPU
		{E7A181E7-655B-47ED-91A0-0F7EB6A0F4E3}.Debug|Any CPU.Build.0 = Debug|Any CPU
		{E7A181E7-655B-47ED-91A0-0F7EB6A0F4E3}.Release|Any CPU.ActiveCfg = Release|Any CPU
		{E7A181E7-655B-47ED-91A0-0F7EB6A0F4E3}.Release|Any CPU.Build.0 = Release|Any CPU
	EndGlobalSection
	GlobalSection(SolutionProperties) = preSolution
		HideSolutionNode = FALSE
	EndGlobalSection
	GlobalSection(ExtensibilityGlobals) = postSolution
		SolutionGuid = {CE2DD994-C05D-4DF7-B7CA-F0E12D400F08}
	EndGlobalSection
EndGlobal
